
Microsoft Visual Studio Solution File, Format Version 12.00
# Visual Studio Version 17
VisualStudioVersion = 17.0.31903.59
MinimumVisualStudioVersion = 10.0.40219.1
Project("{FAE04EC0-301F-11D3-BF4B-00C04F79EFBC}") = "dotnet_sourcegen", "dotnet_sourcegen\dotnet_sourcegen.csproj", "{CBAF0E43-588D-4302-8C7E-F38EEA56F377}"
EndProject
Project("{FAE04EC0-301F-11D3-BF4B-00C04F79EFBC}") = "testlib", "testlib\testlib.csproj", "{321785C3-6548-40BE-A0E0-8CEB74D05A83}"
EndProject
Global
	GlobalSection(SolutionConfigurationPlatforms) = preSolution
		Debug|Any CPU = Debug|Any CPU
		Release|Any CPU = Release|Any CPU
	EndGlobalSection
	GlobalSection(ProjectConfigurationPlatforms) = postSolution
		{CBAF0E43-588D-4302-8C7E-F38EEA56F377}.Debug|Any CPU.ActiveCfg = Debug|Any CPU
		{CBAF0E43-588D-4302-8C7E-F38EEA56F377}.Debug|Any CPU.Build.0 = Debug|Any CPU
		{CBAF0E43-588D-4302-8C7E-F38EEA56F377}.Release|Any CPU.ActiveCfg = Release|Any CPU
		{CBAF0E43-588D-4302-8C7E-F38EEA56F377}.Release|Any CPU.Build.0 = Release|Any CPU
		{321785C3-6548-40BE-A0E0-8CEB74D05A83}.Debug|Any CPU.ActiveCfg = Debug|Any CPU
		{321785C3-6548-40BE-A0E0-8CEB74D05A83}.Debug|Any CPU.Build.0 = Debug|Any CPU
		{321785C3-6548-40BE-A0E0-8CEB74D05A83}.Release|Any CPU.ActiveCfg = Release|Any CPU
		{321785C3-6548-40BE-A0E0-8CEB74D05A83}.Release|Any CPU.Build.0 = Release|Any CPU
	EndGlobalSection
	GlobalSection(SolutionProperties) = preSolution
		HideSolutionNode = FALSE
	EndGlobalSection
	GlobalSection(ExtensibilityGlobals) = postSolution
		SolutionGuid = {4B69B50B-A28D-4F45-B692-635E5D7064DA}
	EndGlobalSection
EndGlobal
